
Microsoft Visual Studio Solution File, Format Version 12.00
# Visual Studio Version 17
VisualStudioVersion = 17.5.33424.131
MinimumVisualStudioVersion = 10.0.40219.1
Project("{9A19103F-16F7-4668-BE54-9A1E7A4F7556}") = "OrganizingBooksApp_gomi", "OrganizingBooksApp\OrganizingBooksApp_gomi.csproj", "{6AFD001F-C283-440F-AAF8-025229BD3C04}"
EndProject
Project("{9A19103F-16F7-4668-BE54-9A1E7A4F7556}") = "BookFileOrganizer", "BookFileOrganizer\BookFileOrganizer.csproj", "{D92E061C-9082-46C6-AB0E-9B4D578EBC25}"
EndProject
Project("{9A19103F-16F7-4668-BE54-9A1E7A4F7556}") = "FileMover", "FileMover\FileMover.csproj", "{025F3D72-99E1-442A-8715-A3A39B61E45A}"
EndProject
Project("{FAE04EC0-301F-11D3-BF4B-00C04F79EFBC}") = "FileNameConverter", "FileNameConverter\FileNameConverter.csproj", "{61ABB4E5-2CD6-4F67-9BD1-2E0267FF6A1A}"
EndProject
Global
	GlobalSection(SolutionConfigurationPlatforms) = preSolution
		Debug|Any CPU = Debug|Any CPU
		Release|Any CPU = Release|Any CPU
	EndGlobalSection
	GlobalSection(ProjectConfigurationPlatforms) = postSolution
		{6AFD001F-C283-440F-AAF8-025229BD3C04}.Debug|Any CPU.ActiveCfg = Debug|Any CPU
		{6AFD001F-C283-440F-AAF8-025229BD3C04}.Debug|Any CPU.Build.0 = Debug|Any CPU
		{6AFD001F-C283-440F-AAF8-025229BD3C04}.Release|Any CPU.ActiveCfg = Release|Any CPU
		{6AFD001F-C283-440F-AAF8-025229BD3C04}.Release|Any CPU.Build.0 = Release|Any CPU
		{D92E061C-9082-46C6-AB0E-9B4D578EBC25}.Debug|Any CPU.ActiveCfg = Debug|Any CPU
		{D92E061C-9082-46C6-AB0E-9B4D578EBC25}.Debug|Any CPU.Build.0 = Debug|Any CPU
		{D92E061C-9082-46C6-AB0E-9B4D578EBC25}.Release|Any CPU.ActiveCfg = Release|Any CPU
		{D92E061C-9082-46C6-AB0E-9B4D578EBC25}.Release|Any CPU.Build.0 = Release|Any CPU
		{025F3D72-99E1-442A-8715-A3A39B61E45A}.Debug|Any CPU.ActiveCfg = Debug|Any CPU
		{025F3D72-99E1-442A-8715-A3A39B61E45A}.Debug|Any CPU.Build.0 = Debug|Any CPU
		{025F3D72-99E1-442A-8715-A3A39B61E45A}.Release|Any CPU.ActiveCfg = Release|Any CPU
		{025F3D72-99E1-442A-8715-A3A39B61E45A}.Release|Any CPU.Build.0 = Release|Any CPU
		{61ABB4E5-2CD6-4F67-9BD1-2E0267FF6A1A}.Debug|Any CPU.ActiveCfg = Debug|Any CPU
		{61ABB4E5-2CD6-4F67-9BD1-2E0267FF6A1A}.Debug|Any CPU.Build.0 = Debug|Any CPU
		{61ABB4E5-2CD6-4F67-9BD1-2E0267FF6A1A}.Release|Any CPU.ActiveCfg = Release|Any CPU
		{61ABB4E5-2CD6-4F67-9BD1-2E0267FF6A1A}.Release|Any CPU.Build.0 = Release|Any CPU
	EndGlobalSection
	GlobalSection(SolutionProperties) = preSolution
		HideSolutionNode = FALSE
	EndGlobalSection
	GlobalSection(ExtensibilityGlobals) = postSolution
		SolutionGuid = {CAC864E4-0E02-499D-B633-95290C0620A5}
	EndGlobalSection
EndGlobal
